<?xml version="1.0" encoding="utf-8"?>
<Project ToolsVersion="4.0" xmlns="http://schemas.microsoft.com/developer/msbuild/2003">
  <ItemGroup>
    <ClCompile Include="Source\Main.cpp" />
    <ClCompile Include="Source\App.cpp" />
    <ClCompile Include="Source\Log.cpp">
      <Filter>Utils</Filter>
    </ClCompile>
    <ClCompile Include="Source\External\PugiXml\src\pugixml.cpp">
      <Filter>External\PugiXml</Filter>
    </ClCompile>
    <ClCompile Include="Source\Bat.cpp">
      <Filter>Entities\Enemy</Filter>
    </ClCompile>
    <ClCompile Include="Source\Musher.cpp">
      <Filter>Entities\Enemy</Filter>
    </ClCompile>
    <ClCompile Include="Source\Entity.cpp">
      <Filter>Entities</Filter>
    </ClCompile>
    <ClCompile Include="Source\Enemy.cpp">
      <Filter>Entities\Enemy</Filter>
    </ClCompile>
    <ClCompile Include="Source\Collectable.cpp">
      <Filter>Entities\Collectable</Filter>
    </ClCompile>
    <ClCompile Include="Source\Gem.cpp">
      <Filter>Entities\Collectable</Filter>
    </ClCompile>
    <ClCompile Include="Source\Key.cpp">
      <Filter>Entities\Collectable</Filter>
    </ClCompile>
    <ClCompile Include="Source\Scene1.cpp">
      <Filter>Scenes</Filter>
    </ClCompile>
    <ClCompile Include="Source\Scene2.cpp">
      <Filter>Scenes</Filter>
    </ClCompile>
    <ClCompile Include="Source\StartMenu.cpp">
      <Filter>Scenes</Filter>
    </ClCompile>
    <ClCompile Include="Source\GameOver.cpp">
      <Filter>Scenes</Filter>
    </ClCompile>
    <ClCompile Include="Source\Intro.cpp">
      <Filter>Scenes</Filter>
    </ClCompile>
    <ClCompile Include="Source\LevelManagement.cpp">
      <Filter>Scenes</Filter>
    </ClCompile>
    <ClCompile Include="Source\HPotion.cpp">
      <Filter>Entities\Collectable</Filter>
    </ClCompile>
    <ClCompile Include="Source\CheckPoint.cpp">
      <Filter>Entities\CheckPoints</Filter>
    </ClCompile>
    <ClCompile Include="Source\Portal.cpp">
      <Filter>Entities\CheckPoints</Filter>
    </ClCompile>
    <ClCompile Include="Source\Player.cpp">
      <Filter>Entities</Filter>
    </ClCompile>
    <ClCompile Include="Source\GuiButton.cpp">
      <Filter>GUI</Filter>
    </ClCompile>
    <ClCompile Include="Source\GuiManager.cpp">
      <Filter>GUI</Filter>
    </ClCompile>
    <ClCompile Include="Source\Window.cpp">
      <Filter>Modules</Filter>
    </ClCompile>
    <ClCompile Include="Source\Textures.cpp">
      <Filter>Modules</Filter>
    </ClCompile>
    <ClCompile Include="Source\Render.cpp">
      <Filter>Modules</Filter>
    </ClCompile>
    <ClCompile Include="Source\ModulePhysics.cpp">
      <Filter>Modules</Filter>
    </ClCompile>
    <ClCompile Include="Source\ModuleEntities.cpp">
      <Filter>Modules</Filter>
    </ClCompile>
    <ClCompile Include="Source\Map.cpp">
      <Filter>Modules</Filter>
    </ClCompile>
    <ClCompile Include="Source\Input.cpp">
      <Filter>Modules</Filter>
    </ClCompile>
    <ClCompile Include="Source\Audio.cpp">
      <Filter>Modules</Filter>
    </ClCompile>
    <ClCompile Include="Source\Pathfinding.cpp">
      <Filter>Entities</Filter>
    </ClCompile>
    <ClCompile Include="Source\Timer.cpp">
      <Filter>Utils</Filter>
    </ClCompile>
    <ClCompile Include="Source\PerfTimer.cpp">
      <Filter>Utils</Filter>
    </ClCompile>
    <ClCompile Include="Source\FadeToBlack.cpp">
      <Filter>Utils</Filter>
    </ClCompile>
    <ClCompile Include="Source\ModuleFonts.cpp">
      <Filter>Modules</Filter>
    </ClCompile>
    <ClCompile Include="Source\GuiSlider.cpp">
      <Filter>GUI</Filter>
    </ClCompile>
    <ClCompile Include="Source\GuiToggle.cpp">
      <Filter>GUI</Filter>
    </ClCompile>
    <ClCompile Include="Source\GuiPanel.cpp">
      <Filter>GUI</Filter>
    </ClCompile>
    <ClCompile Include="Source\BigMusher.cpp">
      <Filter>Entities\Enemy</Filter>
    </ClCompile>
  </ItemGroup>
  <ItemGroup>
    <ClInclude Include="Source\App.h" />
    <ClInclude Include="Source\Defs.h">
      <Filter>Utils</Filter>
    </ClInclude>
    <ClInclude Include="Source\DynArray.h">
      <Filter>Utils</Filter>
    </ClInclude>
    <ClInclude Include="Source\List.h">
      <Filter>Utils</Filter>
    </ClInclude>
    <ClInclude Include="Source\Log.h">
      <Filter>Utils</Filter>
    </ClInclude>
    <ClInclude Include="Source\Point.h">
      <Filter>Utils</Filter>
    </ClInclude>
    <ClInclude Include="Source\SString.h">
      <Filter>Utils</Filter>
    </ClInclude>
    <ClInclude Include="Source\External\PugiXml\src\pugiconfig.hpp">
      <Filter>External\PugiXml</Filter>
    </ClInclude>
    <ClInclude Include="Source\External\PugiXml\src\pugixml.hpp">
      <Filter>External\PugiXml</Filter>
    </ClInclude>
    <ClInclude Include="Source\Globals.h" />
    <ClInclude Include="Source\Bat.h">
      <Filter>Entities\Enemy</Filter>
    </ClInclude>
    <ClInclude Include="Source\Musher.h">
      <Filter>Entities\Enemy</Filter>
    </ClInclude>
    <ClInclude Include="Source\Entity.h">
      <Filter>Entities</Filter>
    </ClInclude>
    <ClInclude Include="Source\Enemy.h">
      <Filter>Entities\Enemy</Filter>
    </ClInclude>
    <ClInclude Include="Source\Collectable.h">
      <Filter>Entities\Collectable</Filter>
    </ClInclude>
    <ClInclude Include="Source\Gem.h">
      <Filter>Entities\Collectable</Filter>
    </ClInclude>
    <ClInclude Include="Source\Key.h">
      <Filter>Entities\Collectable</Filter>
    </ClInclude>
    <ClInclude Include="Source\StartMenu.h">
      <Filter>Scenes</Filter>
    </ClInclude>
    <ClInclude Include="Source\Scene1.h">
      <Filter>Scenes</Filter>
    </ClInclude>
    <ClInclude Include="Source\Scene2.h">
      <Filter>Scenes</Filter>
    </ClInclude>
    <ClInclude Include="Source\GameOver.h">
      <Filter>Scenes</Filter>
    </ClInclude>
    <ClInclude Include="Source\LevelManagement.h">
      <Filter>Scenes</Filter>
    </ClInclude>
    <ClInclude Include="Source\HPotion.h">
      <Filter>Entities\Collectable</Filter>
    </ClInclude>
    <ClInclude Include="Source\CheckPoint.h">
      <Filter>Entities\CheckPoints</Filter>
    </ClInclude>
    <ClInclude Include="Source\Portal.h">
      <Filter>Entities\CheckPoints</Filter>
    </ClInclude>
    <ClInclude Include="Source\Player.h">
      <Filter>Entities</Filter>
    </ClInclude>
    <ClInclude Include="Source\GuiButton.h">
      <Filter>GUI</Filter>
    </ClInclude>
    <ClInclude Include="Source\GuiControl.h">
      <Filter>GUI</Filter>
    </ClInclude>
    <ClInclude Include="Source\GuiManager.h">
      <Filter>GUI</Filter>
    </ClInclude>
    <ClInclude Include="Source\Window.h">
      <Filter>Modules</Filter>
    </ClInclude>
    <ClInclude Include="Source\Textures.h">
      <Filter>Modules</Filter>
    </ClInclude>
    <ClInclude Include="Source\Render.h">
      <Filter>Modules</Filter>
    </ClInclude>
    <ClInclude Include="Source\ModulePhysics.h">
      <Filter>Modules</Filter>
    </ClInclude>
    <ClInclude Include="Source\ModuleEntities.h">
      <Filter>Modules</Filter>
    </ClInclude>
    <ClInclude Include="Source\Module.h">
      <Filter>Modules</Filter>
    </ClInclude>
    <ClInclude Include="Source\Map.h">
      <Filter>Modules</Filter>
    </ClInclude>
    <ClInclude Include="Source\Input.h">
      <Filter>Modules</Filter>
    </ClInclude>
    <ClInclude Include="Source\Audio.h">
      <Filter>Modules</Filter>
    </ClInclude>
    <ClInclude Include="Source\Pathfinding.h">
      <Filter>Entities</Filter>
    </ClInclude>
    <ClInclude Include="Source\Timer.h">
      <Filter>Utils</Filter>
    </ClInclude>
    <ClInclude Include="Source\Queue.h">
      <Filter>Utils</Filter>
    </ClInclude>
    <ClInclude Include="Source\PQueue.h">
      <Filter>Utils</Filter>
    </ClInclude>
    <ClInclude Include="Source\PerfTimer.h">
      <Filter>Utils</Filter>
    </ClInclude>
    <ClInclude Include="Source\p2List.h">
      <Filter>Utils</Filter>
    </ClInclude>
    <ClInclude Include="Source\FadeToBlack.h">
      <Filter>Utils</Filter>
    </ClInclude>
    <ClInclude Include="Source\Animation.h">
      <Filter>Utils</Filter>
    </ClInclude>
    <ClInclude Include="Source\ModuleFonts.h">
      <Filter>Modules</Filter>
    </ClInclude>
    <ClInclude Include="Source\GuiSlider.h">
      <Filter>GUI</Filter>
    </ClInclude>
    <ClInclude Include="Source\GuiToggle.h">
      <Filter>GUI</Filter>
    </ClInclude>
    <ClInclude Include="Source\GuiPanel.h">
      <Filter>GUI</Filter>
    </ClInclude>
    <ClInclude Include="Source\Intro.h">
      <Filter>Scenes</Filter>
    </ClInclude>
    <ClInclude Include="Source\BigMusher.h">
      <Filter>Entities\Enemy</Filter>
    </ClInclude>
  </ItemGroup>
  <ItemGroup>
    <Filter Include="External">
      <UniqueIdentifier>{83a966c7-b4bb-4eff-9c2c-3ff3c7b55a60}</UniqueIdentifier>
    </Filter>
    <Filter Include="Utils">
      <UniqueIdentifier>{2cad778a-d356-48b0-9fee-587f1bbb187e}</UniqueIdentifier>
    </Filter>
    <Filter Include="External\PugiXml">
      <UniqueIdentifier>{2855ff7f-53a1-413d-a75b-18b4ade921dd}</UniqueIdentifier>
    </Filter>
    <Filter Include="Entities">
      <UniqueIdentifier>{538c89f4-09ae-48d0-9d13-0e89784302f5}</UniqueIdentifier>
    </Filter>
    <Filter Include="Entities\Enemy">
      <UniqueIdentifier>{2ea328f9-2aca-40e2-badd-9295c7fb965e}</UniqueIdentifier>
    </Filter>
    <Filter Include="Entities\Collectable">
      <UniqueIdentifier>{70aaa4f5-e922-4544-8337-d67f0d0479be}</UniqueIdentifier>
    </Filter>
    <Filter Include="Scenes">
      <UniqueIdentifier>{4eca5673-1e50-465a-8fc9-48117793e985}</UniqueIdentifier>
    </Filter>
    <Filter Include="Entities\CheckPoints">
      <UniqueIdentifier>{48fe75bd-cfe2-427b-abe7-75a2e400aa13}</UniqueIdentifier>
    </Filter>
    <Filter Include="GUI">
      <UniqueIdentifier>{956303e3-fcf3-4b8e-bead-19259a2eb9c7}</UniqueIdentifier>
    </Filter>
    <Filter Include="Modules">
      <UniqueIdentifier>{65327206-328c-4a47-bca9-88f401283938}</UniqueIdentifier>
    </Filter>
  </ItemGroup>
</Project>